// !$*UTF8*$!
{
	archiveVersion = 1;
	classes = {
	};
	objectVersion = 56;
	objects = {

/* Begin PBXBuildFile section */
		0E46776828E4B150003B48B3 /* AppDelegate.swift in Sources */ = {isa = PBXBuildFile; fileRef = 0E46776728E4B150003B48B3 /* AppDelegate.swift */; };
		0E46776A28E4B150003B48B3 /* SceneDelegate.swift in Sources */ = {isa = PBXBuildFile; fileRef = 0E46776928E4B150003B48B3 /* SceneDelegate.swift */; };
		0E46776F28E4B150003B48B3 /* Main.storyboard in Resources */ = {isa = PBXBuildFile; fileRef = 0E46776D28E4B150003B48B3 /* Main.storyboard */; };
		0E46777128E4B151003B48B3 /* Assets.xcassets in Resources */ = {isa = PBXBuildFile; fileRef = 0E46777028E4B151003B48B3 /* Assets.xcassets */; };
		0E46777428E4B151003B48B3 /* LaunchScreen.storyboard in Resources */ = {isa = PBXBuildFile; fileRef = 0E46777228E4B151003B48B3 /* LaunchScreen.storyboard */; };
		0E46778128E4B302003B48B3 /* SettingsTableViewController.swift in Sources */ = {isa = PBXBuildFile; fileRef = 0E46778028E4B302003B48B3 /* SettingsTableViewController.swift */; };
		0E46778628E4D1E4003B48B3 /* Setting.swift in Sources */ = {isa = PBXBuildFile; fileRef = 0E46778528E4D1E4003B48B3 /* Setting.swift */; };
		0E46778828E4D28D003B48B3 /* SettingController.swift in Sources */ = {isa = PBXBuildFile; fileRef = 0E46778728E4D28D003B48B3 /* SettingController.swift */; };
		0E46778A28E4DD87003B48B3 /* SettingsTableViewCell.swift in Sources */ = {isa = PBXBuildFile; fileRef = 0E46778928E4DD87003B48B3 /* SettingsTableViewCell.swift */; };
/* End PBXBuildFile section */

/* Begin PBXFileReference section */
		0E46776428E4B150003B48B3 /* settings.app */ = {isa = PBXFileReference; explicitFileType = wrapper.application; includeInIndex = 0; path = settings.app; sourceTree = BUILT_PRODUCTS_DIR; };
		0E46776728E4B150003B48B3 /* AppDelegate.swift */ = {isa = PBXFileReference; lastKnownFileType = sourcecode.swift; path = AppDelegate.swift; sourceTree = "<group>"; };
		0E46776928E4B150003B48B3 /* SceneDelegate.swift */ = {isa = PBXFileReference; lastKnownFileType = sourcecode.swift; path = SceneDelegate.swift; sourceTree = "<group>"; };
		0E46776E28E4B150003B48B3 /* Base */ = {isa = PBXFileReference; lastKnownFileType = file.storyboard; name = Base; path = Base.lproj/Main.storyboard; sourceTree = "<group>"; };
		0E46777028E4B151003B48B3 /* Assets.xcassets */ = {isa = PBXFileReference; lastKnownFileType = folder.assetcatalog; path = Assets.xcassets; sourceTree = "<group>"; };
		0E46777328E4B151003B48B3 /* Base */ = {isa = PBXFileReference; lastKnownFileType = file.storyboard; name = Base; path = Base.lproj/LaunchScreen.storyboard; sourceTree = "<group>"; };
		0E46777528E4B151003B48B3 /* Info.plist */ = {isa = PBXFileReference; lastKnownFileType = text.plist.xml; path = Info.plist; sourceTree = "<group>"; };
		0E46778028E4B302003B48B3 /* SettingsTableViewController.swift */ = {isa = PBXFileReference; lastKnownFileType = sourcecode.swift; path = SettingsTableViewController.swift; sourceTree = "<group>"; };
		0E46778528E4D1E4003B48B3 /* Setting.swift */ = {isa = PBXFileReference; lastKnownFileType = sourcecode.swift; path = Setting.swift; sourceTree = "<group>"; };
		0E46778728E4D28D003B48B3 /* SettingController.swift */ = {isa = PBXFileReference; lastKnownFileType = sourcecode.swift; path = SettingController.swift; sourceTree = "<group>"; };
		0E46778928E4DD87003B48B3 /* SettingsTableViewCell.swift */ = {isa = PBXFileReference; lastKnownFileType = sourcecode.swift; path = SettingsTableViewCell.swift; sourceTree = "<group>"; };
/* End PBXFileReference section */

/* Begin PBXFrameworksBuildPhase section */
		0E46776128E4B150003B48B3 /* Frameworks */ = {
			isa = PBXFrameworksBuildPhase;
			buildActionMask = 2147483647;
			files = (
			);
			runOnlyForDeploymentPostprocessing = 0;
		};
/* End PBXFrameworksBuildPhase section */

/* Begin PBXGroup section */
		0E46775B28E4B150003B48B3 = {
			isa = PBXGroup;
			children = (
				0E46776628E4B150003B48B3 /* settings */,
				0E46776528E4B150003B48B3 /* Products */,
			);
			sourceTree = "<group>";
		};
		0E46776528E4B150003B48B3 /* Products */ = {
			isa = PBXGroup;
			children = (
				0E46776428E4B150003B48B3 /* settings.app */,
			);
			name = Products;
			sourceTree = "<group>";
		};
		0E46776628E4B150003B48B3 /* settings */ = {
			isa = PBXGroup;
			children = (
				0E46777F28E4B2D5003B48B3 /* View Controller */,
				0E46777E28E4B2CD003B48B3 /* Model Controller */,
				0E46777D28E4B2C5003B48B3 /* Model */,
				0E46777B28E4B179003B48B3 /* Resources */,
				0E46777C28E4B183003B48B3 /* Storyboards */,
			);
			path = settings;
			sourceTree = "<group>";
		};
		0E46777B28E4B179003B48B3 /* Resources */ = {
			isa = PBXGroup;
			children = (
				0E46776728E4B150003B48B3 /* AppDelegate.swift */,
				0E46776928E4B150003B48B3 /* SceneDelegate.swift */,
				0E46777028E4B151003B48B3 /* Assets.xcassets */,
				0E46777528E4B151003B48B3 /* Info.plist */,
			);
			path = Resources;
			sourceTree = "<group>";
		};
		0E46777C28E4B183003B48B3 /* Storyboards */ = {
			isa = PBXGroup;
			children = (
				0E46776D28E4B150003B48B3 /* Main.storyboard */,
				0E46777228E4B151003B48B3 /* LaunchScreen.storyboard */,
			);
			path = Storyboards;
			sourceTree = "<group>";
		};
		0E46777D28E4B2C5003B48B3 /* Model */ = {
			isa = PBXGroup;
			children = (
				0E46778528E4D1E4003B48B3 /* Setting.swift */,
			);
			path = Model;
			sourceTree = "<group>";
		};
		0E46777E28E4B2CD003B48B3 /* Model Controller */ = {
			isa = PBXGroup;
			children = (
				0E46778728E4D28D003B48B3 /* SettingController.swift */,
			);
			path = "Model Controller";
			sourceTree = "<group>";
		};
		0E46777F28E4B2D5003B48B3 /* View Controller */ = {
			isa = PBXGroup;
			children = (
				0E46778028E4B302003B48B3 /* SettingsTableViewController.swift */,
				0E46778928E4DD87003B48B3 /* SettingsTableViewCell.swift */,
			);
			path = "View Controller";
			sourceTree = "<group>";
		};
/* End PBXGroup section */

/* Begin PBXNativeTarget section */
		0E46776328E4B150003B48B3 /* settings */ = {
			isa = PBXNativeTarget;
			buildConfigurationList = 0E46777828E4B151003B48B3 /* Build configuration list for PBXNativeTarget "settings" */;
			buildPhases = (
				0E46776028E4B150003B48B3 /* Sources */,
				0E46776128E4B150003B48B3 /* Frameworks */,
				0E46776228E4B150003B48B3 /* Resources */,
			);
			buildRules = (
			);
			dependencies = (
			);
			name = settings;
			productName = settings;
			productReference = 0E46776428E4B150003B48B3 /* settings.app */;
			productType = "com.apple.product-type.application";
		};
/* End PBXNativeTarget section */

/* Begin PBXProject section */
		0E46775C28E4B150003B48B3 /* Project object */ = {
			isa = PBXProject;
			attributes = {
				BuildIndependentTargetsInParallel = 1;
				LastSwiftUpdateCheck = 1400;
				LastUpgradeCheck = 1400;
				TargetAttributes = {
					0E46776328E4B150003B48B3 = {
						CreatedOnToolsVersion = 14.0.1;
					};
				};
			};
			buildConfigurationList = 0E46775F28E4B150003B48B3 /* Build configuration list for PBXProject "settings" */;
			compatibilityVersion = "Xcode 14.0";
			developmentRegion = en;
			hasScannedForEncodings = 0;
			knownRegions = (
				en,
				Base,
			);
			mainGroup = 0E46775B28E4B150003B48B3;
			productRefGroup = 0E46776528E4B150003B48B3 /* Products */;
			projectDirPath = "";
			projectRoot = "";
			targets = (
				0E46776328E4B150003B48B3 /* settings */,
			);
		};
/* End PBXProject section */

/* Begin PBXResourcesBuildPhase section */
		0E46776228E4B150003B48B3 /* Resources */ = {
			isa = PBXResourcesBuildPhase;
			buildActionMask = 2147483647;
			files = (
				0E46777428E4B151003B48B3 /* LaunchScreen.storyboard in Resources */,
				0E46777128E4B151003B48B3 /* Assets.xcassets in Resources */,
				0E46776F28E4B150003B48B3 /* Main.storyboard in Resources */,
			);
			runOnlyForDeploymentPostprocessing = 0;
		};
/* End PBXResourcesBuildPhase section */

/* Begin PBXSourcesBuildPhase section */
		0E46776028E4B150003B48B3 /* Sources */ = {
			isa = PBXSourcesBuildPhase;
			buildActionMask = 2147483647;
			files = (
				0E46778828E4D28D003B48B3 /* SettingController.swift in Sources */,
				0E46778628E4D1E4003B48B3 /* Setting.swift in Sources */,
				0E46778A28E4DD87003B48B3 /* SettingsTableViewCell.swift in Sources */,
				0E46776828E4B150003B48B3 /* AppDelegate.swift in Sources */,
				0E46776A28E4B150003B48B3 /* SceneDelegate.swift in Sources */,
				0E46778128E4B302003B48B3 /* SettingsTableViewController.swift in Sources */,
			);
			runOnlyForDeploymentPostprocessing = 0;
		};
/* End PBXSourcesBuildPhase section */

/* Begin PBXVariantGroup section */
		0E46776D28E4B150003B48B3 /* Main.storyboard */ = {
			isa = PBXVariantGroup;
			children = (
				0E46776E28E4B150003B48B3 /* Base */,
			);
			name = Main.storyboard;
			sourceTree = "<group>";
		};
		0E46777228E4B151003B48B3 /* LaunchScreen.storyboard */ = {
			isa = PBXVariantGroup;
			children = (
				0E46777328E4B151003B48B3 /* Base */,
			);
			name = LaunchScreen.storyboard;
			sourceTree = "<group>";
		};
/* End PBXVariantGroup section */

/* Begin XCBuildConfiguration section */
		0E46777628E4B151003B48B3 /* Debug */ = {
			isa = XCBuildConfiguration;
			buildSettings = {
				ALWAYS_SEARCH_USER_PATHS = NO;
				CLANG_ANALYZER_NONNULL = YES;
				CLANG_ANALYZER_NUMBER_OBJECT_CONVERSION = YES_AGGRESSIVE;
				CLANG_CXX_LANGUAGE_STANDARD = "gnu++20";
				CLANG_ENABLE_MODULES = YES;
				CLANG_ENABLE_OBJC_ARC = YES;
				CLANG_ENABLE_OBJC_WEAK = YES;
				CLANG_WARN_BLOCK_CAPTURE_AUTORELEASING = YES;
				CLANG_WARN_BOOL_CONVERSION = YES;
				CLANG_WARN_COMMA = YES;
				CLANG_WARN_CONSTANT_CONVERSION = YES;
				CLANG_WARN_DEPRECATED_OBJC_IMPLEMENTATIONS = YES;
				CLANG_WARN_DIRECT_OBJC_ISA_USAGE = YES_ERROR;
				CLANG_WARN_DOCUMENTATION_COMMENTS = YES;
				CLANG_WARN_EMPTY_BODY = YES;
				CLANG_WARN_ENUM_CONVERSION = YES;
				CLANG_WARN_INFINITE_RECURSION = YES;
				CLANG_WARN_INT_CONVERSION = YES;
				CLANG_WARN_NON_LITERAL_NULL_CONVERSION = YES;
				CLANG_WARN_OBJC_IMPLICIT_RETAIN_SELF = YES;
				CLANG_WARN_OBJC_LITERAL_CONVERSION = YES;
				CLANG_WARN_OBJC_ROOT_CLASS = YES_ERROR;
				CLANG_WARN_QUOTED_INCLUDE_IN_FRAMEWORK_HEADER = YES;
				CLANG_WARN_RANGE_LOOP_ANALYSIS = YES;
				CLANG_WARN_STRICT_PROTOTYPES = YES;
				CLANG_WARN_SUSPICIOUS_MOVE = YES;
				CLANG_WARN_UNGUARDED_AVAILABILITY = YES_AGGRESSIVE;
				CLANG_WARN_UNREACHABLE_CODE = YES;
				CLANG_WARN__DUPLICATE_METHOD_MATCH = YES;
				COPY_PHASE_STRIP = NO;
				DEBUG_INFORMATION_FORMAT = dwarf;
				ENABLE_STRICT_OBJC_MSGSEND = YES;
				ENABLE_TESTABILITY = YES;
				GCC_C_LANGUAGE_STANDARD = gnu11;
				GCC_DYNAMIC_NO_PIC = NO;
				GCC_NO_COMMON_BLOCKS = YES;
				GCC_OPTIMIZATION_LEVEL = 0;
				GCC_PREPROCESSOR_DEFINITIONS = (
					"DEBUG=1",
					"$(inherited)",
				);
				GCC_WARN_64_TO_32_BIT_CONVERSION = YES;
				GCC_WARN_ABOUT_RETURN_TYPE = YES_ERROR;
				GCC_WARN_UNDECLARED_SELECTOR = YES;
				GCC_WARN_UNINITIALIZED_AUTOS = YES_AGGRESSIVE;
				GCC_WARN_UNUSED_FUNCTION = YES;
				GCC_WARN_UNUSED_VARIABLE = YES;
				IPHONEOS_DEPLOYMENT_TARGET = 16.0;
				MTL_ENABLE_DEBUG_INFO = INCLUDE_SOURCE;
				MTL_FAST_MATH = YES;
				ONLY_ACTIVE_ARCH = YES;
				SDKROOT = iphoneos;
				SWIFT_ACTIVE_COMPILATION_CONDITIONS = DEBUG;
				SWIFT_OPTIMIZATION_LEVEL = "-Onone";
			};
			name = Debug;
		};
		0E46777728E4B151003B48B3 /* Release */ = {
			isa = XCBuildConfiguration;
			buildSettings = {
				ALWAYS_SEARCH_USER_PATHS = NO;
				CLANG_ANALYZER_NONNULL = YES;
				CLANG_ANALYZER_NUMBER_OBJECT_CONVERSION = YES_AGGRESSIVE;
				CLANG_CXX_LANGUAGE_STANDARD = "gnu++20";
				CLANG_ENABLE_MODULES = YES;
				CLANG_ENABLE_OBJC_ARC = YES;
				CLANG_ENABLE_OBJC_WEAK = YES;
				CLANG_WARN_BLOCK_CAPTURE_AUTORELEASING = YES;
				CLANG_WARN_BOOL_CONVERSION = YES;
				CLANG_WARN_COMMA = YES;
				CLANG_WARN_CONSTANT_CONVERSION = YES;
				CLANG_WARN_DEPRECATED_OBJC_IMPLEMENTATIONS = YES;
				CLANG_WARN_DIRECT_OBJC_ISA_USAGE = YES_ERROR;
				CLANG_WARN_DOCUMENTATION_COMMENTS = YES;
				CLANG_WARN_EMPTY_BODY = YES;
				CLANG_WARN_ENUM_CONVERSION = YES;
				CLANG_WARN_INFINITE_RECURSION = YES;
				CLANG_WARN_INT_CONVERSION = YES;
				CLANG_WARN_NON_LITERAL_NULL_CONVERSION = YES;
				CLANG_WARN_OBJC_IMPLICIT_RETAIN_SELF = YES;
				CLANG_WARN_OBJC_LITERAL_CONVERSION = YES;
				CLANG_WARN_OBJC_ROOT_CLASS = YES_ERROR;
				CLANG_WARN_QUOTED_INCLUDE_IN_FRAMEWORK_HEADER = YES;
				CLANG_WARN_RANGE_LOOP_ANALYSIS = YES;
				CLANG_WARN_STRICT_PROTOTYPES = YES;
				CLANG_WARN_SUSPICIOUS_MOVE = YES;
				CLANG_WARN_UNGUARDED_AVAILABILITY = YES_AGGRESSIVE;
				CLANG_WARN_UNREACHABLE_CODE = YES;
				CLANG_WARN__DUPLICATE_METHOD_MATCH = YES;
				COPY_PHASE_STRIP = NO;
				DEBUG_INFORMATION_FORMAT = "dwarf-with-dsym";
				ENABLE_NS_ASSERTIONS = NO;
				ENABLE_STRICT_OBJC_MSGSEND = YES;
				GCC_C_LANGUAGE_STANDARD = gnu11;
				GCC_NO_COMMON_BLOCKS = YES;
				GCC_WARN_64_TO_32_BIT_CONVERSION = YES;
				GCC_WARN_ABOUT_RETURN_TYPE = YES_ERROR;
				GCC_WARN_UNDECLARED_SELECTOR = YES;
				GCC_WARN_UNINITIALIZED_AUTOS = YES_AGGRESSIVE;
				GCC_WARN_UNUSED_FUNCTION = YES;
				GCC_WARN_UNUSED_VARIABLE = YES;
				IPHONEOS_DEPLOYMENT_TARGET = 16.0;
				MTL_ENABLE_DEBUG_INFO = NO;
				MTL_FAST_MATH = YES;
				SDKROOT = iphoneos;
				SWIFT_COMPILATION_MODE = wholemodule;
				SWIFT_OPTIMIZATION_LEVEL = "-O";
				VALIDATE_PRODUCT = YES;
			};
			name = Release;
		};
		0E46777928E4B151003B48B3 /* Debug */ = {
			isa = XCBuildConfiguration;
			buildSettings = {
				ASSETCATALOG_COMPILER_APPICON_NAME = AppIcon;
				ASSETCATALOG_COMPILER_GLOBAL_ACCENT_COLOR_NAME = AccentColor;
				CODE_SIGN_STYLE = Automatic;
				CURRENT_PROJECT_VERSION = 1;
				DEVELOPMENT_TEAM = D2GS975BL6;
				GENERATE_INFOPLIST_FILE = YES;
				INFOPLIST_FILE = settings/Resources/Info.plist;
				INFOPLIST_KEY_UIApplicationSupportsIndirectInputEvents = YES;
				INFOPLIST_KEY_UILaunchStoryboardName = LaunchScreen;
				INFOPLIST_KEY_UIMainStoryboardFile = Main;
				INFOPLIST_KEY_UISupportedInterfaceOrientations_iPad = "UIInterfaceOrientationPortrait UIInterfaceOrientationPortraitUpsideDown UIInterfaceOrientationLandscapeLeft UIInterfaceOrientationLandscapeRight";
				INFOPLIST_KEY_UISupportedInterfaceOrientations_iPhone = "UIInterfaceOrientationPortrait UIInterfaceOrientationLandscapeLeft UIInterfaceOrientationLandscapeRight";
				LD_RUNPATH_SEARCH_PATHS = (
					"$(inherited)",
					"@executable_path/Frameworks",
				);
				MARKETING_VERSION = 1.0;
				PRODUCT_BUNDLE_IDENTIFIER = com.MattRawlings.settings;
				PRODUCT_NAME = "$(TARGET_NAME)";
				SWIFT_EMIT_LOC_STRINGS = YES;
				SWIFT_VERSION = 5.0;
				TARGETED_DEVICE_FAMILY = "1,2";
			};
			name = Debug;
		};
		0E46777A28E4B151003B48B3 /* Release */ = {
			isa = XCBuildConfiguration;
			buildSettings = {
				ASSETCATALOG_COMPILER_APPICON_NAME = AppIcon;
				ASSETCATALOG_COMPILER_GLOBAL_ACCENT_COLOR_NAME = AccentColor;
				CODE_SIGN_STYLE = Automatic;
				CURRENT_PROJECT_VERSION = 1;
				DEVELOPMENT_TEAM = D2GS975BL6;
				GENERATE_INFOPLIST_FILE = YES;
				INFOPLIST_FILE = settings/Resources/Info.plist;
				INFOPLIST_KEY_UIApplicationSupportsIndirectInputEvents = YES;
				INFOPLIST_KEY_UILaunchStoryboardName = LaunchScreen;
				INFOPLIST_KEY_UIMainStoryboardFile = Main;
				INFOPLIST_KEY_UISupportedInterfaceOrientations_iPad = "UIInterfaceOrientationPortrait UIInterfaceOrientationPortraitUpsideDown UIInterfaceOrientationLandscapeLeft UIInterfaceOrientationLandscapeRight";
				INFOPLIST_KEY_UISupportedInterfaceOrientations_iPhone = "UIInterfaceOrientationPortrait UIInterfaceOrientationLandscapeLeft UIInterfaceOrientationLandscapeRight";
				LD_RUNPATH_SEARCH_PATHS = (
					"$(inherited)",
					"@executable_path/Frameworks",
				);
				MARKETING_VERSION = 1.0;
				PRODUCT_BUNDLE_IDENTIFIER = com.MattRawlings.settings;
				PRODUCT_NAME = "$(TARGET_NAME)";
				SWIFT_EMIT_LOC_STRINGS = YES;
				SWIFT_VERSION = 5.0;
				TARGETED_DEVICE_FAMILY = "1,2";
			};
			name = Release;
		};
/* End XCBuildConfiguration section */

/* Begin XCConfigurationList section */
		0E46775F28E4B150003B48B3 /* Build configuration list for PBXProject "settings" */ = {
			isa = XCConfigurationList;
			buildConfigurations = (
				0E46777628E4B151003B48B3 /* Debug */,
				0E46777728E4B151003B48B3 /* Release */,
			);
			defaultConfigurationIsVisible = 0;
			defaultConfigurationName = Release;
		};
		0E46777828E4B151003B48B3 /* Build configuration list for PBXNativeTarget "settings" */ = {
			isa = XCConfigurationList;
			buildConfigurations = (
				0E46777928E4B151003B48B3 /* Debug */,
				0E46777A28E4B151003B48B3 /* Release */,
			);
			defaultConfigurationIsVisible = 0;
			defaultConfigurationName = Release;
		};
/* End XCConfigurationList section */
	};
	rootObject = 0E46775C28E4B150003B48B3 /* Project object */;
}
